
Microsoft Visual Studio Solution File, Format Version 12.00
# Visual Studio Version 17
VisualStudioVersion = 17.12.35707.178
MinimumVisualStudioVersion = 10.0.40219.1
Project("{FAE04EC0-301F-11D3-BF4B-00C04F79EFBC}") = "Domain", "Domain\Domain.csproj", "{427D5DB3-0991-4EE3-A594-327EC668FA6D}"
EndProject
Project("{FAE04EC0-301F-11D3-BF4B-00C04F79EFBC}") = "Application", "Application\Application.csproj", "{196E998C-2023-4F17-BFFE-3E0F25499EB8}"
EndProject
Project("{FAE04EC0-301F-11D3-BF4B-00C04F79EFBC}") = "Infrastructure", "Infrastructure\Infrastructure.csproj", "{15C0921E-7B35-42E8-9C1E-4E2FDBEC1E5F}"
EndProject
Project("{FAE04EC0-301F-11D3-BF4B-00C04F79EFBC}") = "Bot", "Bot\Bot.csproj", "{F3EA4E24-08A6-4CA0-974A-FF0212A18B27}"
EndProject
Project("{2150E333-8FDC-42A3-9474-1A3956D46DE8}") = "SiteParser", "SiteParser", "{55B56910-B15E-43BA-B6A7-978C93C71ACD}"
EndProject
Project("{FAE04EC0-301F-11D3-BF4B-00C04F79EFBC}") = "HeadHunterGrabber", "HeadHunterGrabber\HeadHunterGrabber.csproj", "{B5C0D636-CED7-40A7-89B3-4D098A77CE70}"
EndProject
Project("{FAE04EC0-301F-11D3-BF4B-00C04F79EFBC}") = "HeadHunterGrabber.DataAccess", "HeadHunterGrabber.DataAccess\HeadHunterGrabber.DataAccess.csproj", "{05B7AC2A-7E0D-41C5-9CE3-FFC37A9AA0D2}"
EndProject
Project("{FAE04EC0-301F-11D3-BF4B-00C04F79EFBC}") = "HeadHunterGrabber.BusinessLogic", "HeadHunterGrabber.BusinessLogic\HeadHunterGrabber.BusinessLogic.csproj", "{4F0197A0-4F8E-404A-9B70-AC81FD1779B7}"
EndProject
Project("{FAE04EC0-301F-11D3-BF4B-00C04F79EFBC}") = "HeadHunterGrabber.Parser", "HeadHunterGrabber.Parser\HeadHunterGrabber.Parser.csproj", "{737F203E-D7F4-40F6-B064-1669EF37D237}"
EndProject
Project("{FAE04EC0-301F-11D3-BF4B-00C04F79EFBC}") = "HeadHunterGrabber.Dto", "HeadHunterGrabber.Dto\HeadHunterGrabber.Dto.csproj", "{789C6369-5D46-4A86-AAFA-E286A0EEBF9D}"
EndProject
Project("{FAE04EC0-301F-11D3-BF4B-00C04F79EFBC}") = "HeadHunterGrabber.Parser.Dto", "HeadHunterGrabber.Parser.Dto\HeadHunterGrabber.Parser.Dto.csproj", "{6B24DF6E-A880-4B31-AFCC-AABA257FDD38}"
EndProject
Global
	GlobalSection(SolutionConfigurationPlatforms) = preSolution
		Debug|Any CPU = Debug|Any CPU
		Release|Any CPU = Release|Any CPU
	EndGlobalSection
	GlobalSection(ProjectConfigurationPlatforms) = postSolution
		{427D5DB3-0991-4EE3-A594-327EC668FA6D}.Debug|Any CPU.ActiveCfg = Debug|Any CPU
		{427D5DB3-0991-4EE3-A594-327EC668FA6D}.Debug|Any CPU.Build.0 = Debug|Any CPU
		{427D5DB3-0991-4EE3-A594-327EC668FA6D}.Release|Any CPU.ActiveCfg = Release|Any CPU
		{427D5DB3-0991-4EE3-A594-327EC668FA6D}.Release|Any CPU.Build.0 = Release|Any CPU
		{196E998C-2023-4F17-BFFE-3E0F25499EB8}.Debug|Any CPU.ActiveCfg = Debug|Any CPU
		{196E998C-2023-4F17-BFFE-3E0F25499EB8}.Debug|Any CPU.Build.0 = Debug|Any CPU
		{196E998C-2023-4F17-BFFE-3E0F25499EB8}.Release|Any CPU.ActiveCfg = Release|Any CPU
		{196E998C-2023-4F17-BFFE-3E0F25499EB8}.Release|Any CPU.Build.0 = Release|Any CPU
		{15C0921E-7B35-42E8-9C1E-4E2FDBEC1E5F}.Debug|Any CPU.ActiveCfg = Debug|Any CPU
		{15C0921E-7B35-42E8-9C1E-4E2FDBEC1E5F}.Debug|Any CPU.Build.0 = Debug|Any CPU
		{15C0921E-7B35-42E8-9C1E-4E2FDBEC1E5F}.Release|Any CPU.ActiveCfg = Release|Any CPU
		{15C0921E-7B35-42E8-9C1E-4E2FDBEC1E5F}.Release|Any CPU.Build.0 = Release|Any CPU
		{F3EA4E24-08A6-4CA0-974A-FF0212A18B27}.Debug|Any CPU.ActiveCfg = Debug|Any CPU
		{F3EA4E24-08A6-4CA0-974A-FF0212A18B27}.Debug|Any CPU.Build.0 = Debug|Any CPU
		{F3EA4E24-08A6-4CA0-974A-FF0212A18B27}.Release|Any CPU.ActiveCfg = Release|Any CPU
		{F3EA4E24-08A6-4CA0-974A-FF0212A18B27}.Release|Any CPU.Build.0 = Release|Any CPU
		{B5C0D636-CED7-40A7-89B3-4D098A77CE70}.Debug|Any CPU.ActiveCfg = Debug|Any CPU
		{B5C0D636-CED7-40A7-89B3-4D098A77CE70}.Debug|Any CPU.Build.0 = Debug|Any CPU
		{B5C0D636-CED7-40A7-89B3-4D098A77CE70}.Release|Any CPU.ActiveCfg = Release|Any CPU
		{B5C0D636-CED7-40A7-89B3-4D098A77CE70}.Release|Any CPU.Build.0 = Release|Any CPU
		{05B7AC2A-7E0D-41C5-9CE3-FFC37A9AA0D2}.Debug|Any CPU.ActiveCfg = Debug|Any CPU
		{05B7AC2A-7E0D-41C5-9CE3-FFC37A9AA0D2}.Debug|Any CPU.Build.0 = Debug|Any CPU
		{05B7AC2A-7E0D-41C5-9CE3-FFC37A9AA0D2}.Release|Any CPU.ActiveCfg = Release|Any CPU
		{05B7AC2A-7E0D-41C5-9CE3-FFC37A9AA0D2}.Release|Any CPU.Build.0 = Release|Any CPU
		{4F0197A0-4F8E-404A-9B70-AC81FD1779B7}.Debug|Any CPU.ActiveCfg = Debug|Any CPU
		{4F0197A0-4F8E-404A-9B70-AC81FD1779B7}.Debug|Any CPU.Build.0 = Debug|Any CPU
		{4F0197A0-4F8E-404A-9B70-AC81FD1779B7}.Release|Any CPU.ActiveCfg = Release|Any CPU
		{4F0197A0-4F8E-404A-9B70-AC81FD1779B7}.Release|Any CPU.Build.0 = Release|Any CPU
		{737F203E-D7F4-40F6-B064-1669EF37D237}.Debug|Any CPU.ActiveCfg = Debug|Any CPU
		{737F203E-D7F4-40F6-B064-1669EF37D237}.Debug|Any CPU.Build.0 = Debug|Any CPU
		{737F203E-D7F4-40F6-B064-1669EF37D237}.Release|Any CPU.ActiveCfg = Release|Any CPU
		{737F203E-D7F4-40F6-B064-1669EF37D237}.Release|Any CPU.Build.0 = Release|Any CPU
		{789C6369-5D46-4A86-AAFA-E286A0EEBF9D}.Debug|Any CPU.ActiveCfg = Debug|Any CPU
		{789C6369-5D46-4A86-AAFA-E286A0EEBF9D}.Debug|Any CPU.Build.0 = Debug|Any CPU
		{789C6369-5D46-4A86-AAFA-E286A0EEBF9D}.Release|Any CPU.ActiveCfg = Release|Any CPU
		{789C6369-5D46-4A86-AAFA-E286A0EEBF9D}.Release|Any CPU.Build.0 = Release|Any CPU
		{6B24DF6E-A880-4B31-AFCC-AABA257FDD38}.Debug|Any CPU.ActiveCfg = Debug|Any CPU
		{6B24DF6E-A880-4B31-AFCC-AABA257FDD38}.Debug|Any CPU.Build.0 = Debug|Any CPU
		{6B24DF6E-A880-4B31-AFCC-AABA257FDD38}.Release|Any CPU.ActiveCfg = Release|Any CPU
		{6B24DF6E-A880-4B31-AFCC-AABA257FDD38}.Release|Any CPU.Build.0 = Release|Any CPU
	EndGlobalSection
	GlobalSection(SolutionProperties) = preSolution
		HideSolutionNode = FALSE
	EndGlobalSection
	GlobalSection(NestedProjects) = preSolution
		{B5C0D636-CED7-40A7-89B3-4D098A77CE70} = {55B56910-B15E-43BA-B6A7-978C93C71ACD}
		{05B7AC2A-7E0D-41C5-9CE3-FFC37A9AA0D2} = {55B56910-B15E-43BA-B6A7-978C93C71ACD}
		{4F0197A0-4F8E-404A-9B70-AC81FD1779B7} = {55B56910-B15E-43BA-B6A7-978C93C71ACD}
		{737F203E-D7F4-40F6-B064-1669EF37D237} = {55B56910-B15E-43BA-B6A7-978C93C71ACD}
		{789C6369-5D46-4A86-AAFA-E286A0EEBF9D} = {55B56910-B15E-43BA-B6A7-978C93C71ACD}
		{6B24DF6E-A880-4B31-AFCC-AABA257FDD38} = {55B56910-B15E-43BA-B6A7-978C93C71ACD}
	EndGlobalSection
EndGlobal
